
Microsoft Visual Studio Solution File, Format Version 12.00
# Visual Studio 2013
VisualStudioVersion = 12.0.31101.0
MinimumVisualStudioVersion = 10.0.40219.1
Project("{FAE04EC0-301F-11D3-BF4B-00C04F79EFBC}") = "Primer.Tests", "Primer.Tests\Primer.Tests.csproj", "{A3478EA4-6E88-4B74-9F3F-07730F9502AE}"
EndProject
Project("{FAE04EC0-301F-11D3-BF4B-00C04F79EFBC}") = "Primer", "Primer\Primer.csproj", "{74D2E102-C77D-4B66-BDB7-57C436B170F8}"
EndProject
Project("{2150E333-8FDC-42A3-9474-1A3956D46DE8}") = ".nuget", ".nuget", "{5F583D25-05B6-4819-80B4-C6532B4D8E40}"
	ProjectSection(SolutionItems) = preProject
		.nuget\NuGet.Config = .nuget\NuGet.Config
		.nuget\NuGet.exe = .nuget\NuGet.exe
		.nuget\NuGet.targets = .nuget\NuGet.targets
	EndProjectSection
EndProject
Project("{FAE04EC0-301F-11D3-BF4B-00C04F79EFBC}") = "Primer.SampleApplication", "Primer.SampleApplication\Primer.SampleApplication.csproj", "{74F055A5-E77E-43D7-AB01-92A60B6D3545}"
EndProject
Global
	GlobalSection(SolutionConfigurationPlatforms) = preSolution
		Debug|Any CPU = Debug|Any CPU
		Debug|x64 = Debug|x64
		Debug|x86 = Debug|x86
		Release|Any CPU = Release|Any CPU
		Release|x64 = Release|x64
		Release|x86 = Release|x86
	EndGlobalSection
	GlobalSection(ProjectConfigurationPlatforms) = postSolution
		{A3478EA4-6E88-4B74-9F3F-07730F9502AE}.Debug|Any CPU.ActiveCfg = Debug|Any CPU
		{A3478EA4-6E88-4B74-9F3F-07730F9502AE}.Debug|Any CPU.Build.0 = Debug|Any CPU
		{A3478EA4-6E88-4B74-9F3F-07730F9502AE}.Debug|x64.ActiveCfg = Debug|x64
		{A3478EA4-6E88-4B74-9F3F-07730F9502AE}.Debug|x64.Build.0 = Debug|x64
		{A3478EA4-6E88-4B74-9F3F-07730F9502AE}.Debug|x86.ActiveCfg = Debug|x86
		{A3478EA4-6E88-4B74-9F3F-07730F9502AE}.Debug|x86.Build.0 = Debug|x86
		{A3478EA4-6E88-4B74-9F3F-07730F9502AE}.Release|Any CPU.ActiveCfg = Release|Any CPU
		{A3478EA4-6E88-4B74-9F3F-07730F9502AE}.Release|Any CPU.Build.0 = Release|Any CPU
		{A3478EA4-6E88-4B74-9F3F-07730F9502AE}.Release|x64.ActiveCfg = Release|x64
		{A3478EA4-6E88-4B74-9F3F-07730F9502AE}.Release|x64.Build.0 = Release|x64
		{A3478EA4-6E88-4B74-9F3F-07730F9502AE}.Release|x86.ActiveCfg = Release|x86
		{A3478EA4-6E88-4B74-9F3F-07730F9502AE}.Release|x86.Build.0 = Release|x86
		{74D2E102-C77D-4B66-BDB7-57C436B170F8}.Debug|Any CPU.ActiveCfg = Debug|Any CPU
		{74D2E102-C77D-4B66-BDB7-57C436B170F8}.Debug|Any CPU.Build.0 = Debug|Any CPU
		{74D2E102-C77D-4B66-BDB7-57C436B170F8}.Debug|x64.ActiveCfg = Debug|x64
		{74D2E102-C77D-4B66-BDB7-57C436B170F8}.Debug|x64.Build.0 = Debug|x64
		{74D2E102-C77D-4B66-BDB7-57C436B170F8}.Debug|x86.ActiveCfg = Debug|x86
		{74D2E102-C77D-4B66-BDB7-57C436B170F8}.Debug|x86.Build.0 = Debug|x86
		{74D2E102-C77D-4B66-BDB7-57C436B170F8}.Release|Any CPU.ActiveCfg = Release|Any CPU
		{74D2E102-C77D-4B66-BDB7-57C436B170F8}.Release|Any CPU.Build.0 = Release|Any CPU
		{74D2E102-C77D-4B66-BDB7-57C436B170F8}.Release|x64.ActiveCfg = Release|x64
		{74D2E102-C77D-4B66-BDB7-57C436B170F8}.Release|x64.Build.0 = Release|x64
		{74D2E102-C77D-4B66-BDB7-57C436B170F8}.Release|x86.ActiveCfg = Release|x86
		{74D2E102-C77D-4B66-BDB7-57C436B170F8}.Release|x86.Build.0 = Release|x86
		{74F055A5-E77E-43D7-AB01-92A60B6D3545}.Debug|Any CPU.ActiveCfg = Debug|Any CPU
		{74F055A5-E77E-43D7-AB01-92A60B6D3545}.Debug|Any CPU.Build.0 = Debug|Any CPU
		{74F055A5-E77E-43D7-AB01-92A60B6D3545}.Debug|x64.ActiveCfg = Debug|Any CPU
		{74F055A5-E77E-43D7-AB01-92A60B6D3545}.Debug|x86.ActiveCfg = Debug|Any CPU
		{74F055A5-E77E-43D7-AB01-92A60B6D3545}.Release|Any CPU.ActiveCfg = Release|Any CPU
		{74F055A5-E77E-43D7-AB01-92A60B6D3545}.Release|Any CPU.Build.0 = Release|Any CPU
		{74F055A5-E77E-43D7-AB01-92A60B6D3545}.Release|x64.ActiveCfg = Release|Any CPU
		{74F055A5-E77E-43D7-AB01-92A60B6D3545}.Release|x86.ActiveCfg = Release|Any CPU
	EndGlobalSection
	GlobalSection(SolutionProperties) = preSolution
		HideSolutionNode = FALSE
	EndGlobalSection
EndGlobal
